
Microsoft Visual Studio Solution File, Format Version 12.00
# Visual Studio Version 17
VisualStudioVersion = 17.3.32825.248
MinimumVisualStudioVersion = 10.0.40219.1
Project("{9A19103F-16F7-4668-BE54-9A1E7A4F7556}") = "ReversiWPF", "ReversiWPF\ReversiWPF.csproj", "{78223ABF-AB65-4D2A-A6E6-AC7E300E88C2}"
EndProject
Project("{9A19103F-16F7-4668-BE54-9A1E7A4F7556}") = "Reversi", "Reversi\Reversi.csproj", "{A74CE296-ED10-4B77-8162-043E713289C1}"
EndProject
Project("{9A19103F-16F7-4668-BE54-9A1E7A4F7556}") = "ReversiTest", "ReversiTest\ReversiTest.csproj", "{EE11DBED-65A0-469E-B3F1-E18F3A440D1C}"
EndProject
Global
	GlobalSection(SolutionConfigurationPlatforms) = preSolution
		Debug|Any CPU = Debug|Any CPU
		Release|Any CPU = Release|Any CPU
	EndGlobalSection
	GlobalSection(ProjectConfigurationPlatforms) = postSolution
		{78223ABF-AB65-4D2A-A6E6-AC7E300E88C2}.Debug|Any CPU.ActiveCfg = Debug|Any CPU
		{78223ABF-AB65-4D2A-A6E6-AC7E300E88C2}.Debug|Any CPU.Build.0 = Debug|Any CPU
		{78223ABF-AB65-4D2A-A6E6-AC7E300E88C2}.Release|Any CPU.ActiveCfg = Release|Any CPU
		{78223ABF-AB65-4D2A-A6E6-AC7E300E88C2}.Release|Any CPU.Build.0 = Release|Any CPU
		{A74CE296-ED10-4B77-8162-043E713289C1}.Debug|Any CPU.ActiveCfg = Debug|Any CPU
		{A74CE296-ED10-4B77-8162-043E713289C1}.Debug|Any CPU.Build.0 = Debug|Any CPU
		{A74CE296-ED10-4B77-8162-043E713289C1}.Release|Any CPU.ActiveCfg = Release|Any CPU
		{A74CE296-ED10-4B77-8162-043E713289C1}.Release|Any CPU.Build.0 = Release|Any CPU
		{EE11DBED-65A0-469E-B3F1-E18F3A440D1C}.Debug|Any CPU.ActiveCfg = Debug|Any CPU
		{EE11DBED-65A0-469E-B3F1-E18F3A440D1C}.Debug|Any CPU.Build.0 = Debug|Any CPU
		{EE11DBED-65A0-469E-B3F1-E18F3A440D1C}.Release|Any CPU.ActiveCfg = Release|Any CPU
		{EE11DBED-65A0-469E-B3F1-E18F3A440D1C}.Release|Any CPU.Build.0 = Release|Any CPU
	EndGlobalSection
	GlobalSection(SolutionProperties) = preSolution
		HideSolutionNode = FALSE
	EndGlobalSection
	GlobalSection(ExtensibilityGlobals) = postSolution
		SolutionGuid = {1A30588F-06BF-4C1D-8022-273CDFD21D5A}
	EndGlobalSection
EndGlobal
